
Microsoft Visual Studio Solution File, Format Version 12.00
# Visual Studio 15
VisualStudioVersion = 15.0.26730.16
MinimumVisualStudioVersion = 10.0.40219.1
Project("{FAE04EC0-301F-11D3-BF4B-00C04F79EFBC}") = "FIAP14NET.Receita.Core", "src\FIAP14NET.Receita.Core\FIAP14NET.Receita.Core.csproj", "{C7C63C4C-3880-48D2-B563-121551CC4A8E}"
EndProject
Project("{FAE04EC0-301F-11D3-BF4B-00C04F79EFBC}") = "FIAP14NET.Receita.Site", "src\FIAP14NET.Receita.Site\FIAP14NET.Receita.Site.csproj", "{1354263A-0B4E-4E37-90D5-7C46B4719789}"
EndProject
Project("{2150E333-8FDC-42A3-9474-1A3956D46DE8}") = "0 - Apresentação", "0 - Apresentação", "{A50F4647-DD9C-4859-B1CF-939DEE976735}"
EndProject
Project("{2150E333-8FDC-42A3-9474-1A3956D46DE8}") = "1 - Serviço", "1 - Serviço", "{FC812D2B-E7FD-4B4E-8BE4-7ED3797C21BD}"
EndProject
Project("{2150E333-8FDC-42A3-9474-1A3956D46DE8}") = "2 - Estrutura", "2 - Estrutura", "{726BECA2-AD58-420C-9A87-BBF66F50BF88}"
EndProject
Project("{2150E333-8FDC-42A3-9474-1A3956D46DE8}") = "3 - Teste", "3 - Teste", "{3D6E2B06-68B5-475C-8FDF-A9EF76556924}"
EndProject
Project("{FAE04EC0-301F-11D3-BF4B-00C04F79EFBC}") = "FIAP14NET.Receita.Teste", "tests\FIAP14NET.Receita.Teste\FIAP14NET.Receita.Teste.csproj", "{0580C1FD-9FD9-4D55-A5FD-FC73377599FE}"
EndProject
Project("{FAE04EC0-301F-11D3-BF4B-00C04F79EFBC}") = "FIAP14NET.Receita.Api", "src\FIAP14NET.Receita.Api\FIAP14NET.Receita.Api.csproj", "{AFBFBCBB-6A91-483C-B953-A1E304DBAE60}"
EndProject
Global
	GlobalSection(SolutionConfigurationPlatforms) = preSolution
		Debug|Any CPU = Debug|Any CPU
		Release|Any CPU = Release|Any CPU
	EndGlobalSection
	GlobalSection(ProjectConfigurationPlatforms) = postSolution
		{C7C63C4C-3880-48D2-B563-121551CC4A8E}.Debug|Any CPU.ActiveCfg = Debug|Any CPU
		{C7C63C4C-3880-48D2-B563-121551CC4A8E}.Debug|Any CPU.Build.0 = Debug|Any CPU
		{C7C63C4C-3880-48D2-B563-121551CC4A8E}.Release|Any CPU.ActiveCfg = Release|Any CPU
		{C7C63C4C-3880-48D2-B563-121551CC4A8E}.Release|Any CPU.Build.0 = Release|Any CPU
		{1354263A-0B4E-4E37-90D5-7C46B4719789}.Debug|Any CPU.ActiveCfg = Debug|Any CPU
		{1354263A-0B4E-4E37-90D5-7C46B4719789}.Debug|Any CPU.Build.0 = Debug|Any CPU
		{1354263A-0B4E-4E37-90D5-7C46B4719789}.Release|Any CPU.ActiveCfg = Release|Any CPU
		{1354263A-0B4E-4E37-90D5-7C46B4719789}.Release|Any CPU.Build.0 = Release|Any CPU
		{0580C1FD-9FD9-4D55-A5FD-FC73377599FE}.Debug|Any CPU.ActiveCfg = Debug|Any CPU
		{0580C1FD-9FD9-4D55-A5FD-FC73377599FE}.Debug|Any CPU.Build.0 = Debug|Any CPU
		{0580C1FD-9FD9-4D55-A5FD-FC73377599FE}.Release|Any CPU.ActiveCfg = Release|Any CPU
		{0580C1FD-9FD9-4D55-A5FD-FC73377599FE}.Release|Any CPU.Build.0 = Release|Any CPU
		{AFBFBCBB-6A91-483C-B953-A1E304DBAE60}.Debug|Any CPU.ActiveCfg = Debug|Any CPU
		{AFBFBCBB-6A91-483C-B953-A1E304DBAE60}.Debug|Any CPU.Build.0 = Debug|Any CPU
		{AFBFBCBB-6A91-483C-B953-A1E304DBAE60}.Release|Any CPU.ActiveCfg = Release|Any CPU
		{AFBFBCBB-6A91-483C-B953-A1E304DBAE60}.Release|Any CPU.Build.0 = Release|Any CPU
	EndGlobalSection
	GlobalSection(SolutionProperties) = preSolution
		HideSolutionNode = FALSE
	EndGlobalSection
	GlobalSection(NestedProjects) = preSolution
		{C7C63C4C-3880-48D2-B563-121551CC4A8E} = {726BECA2-AD58-420C-9A87-BBF66F50BF88}
		{1354263A-0B4E-4E37-90D5-7C46B4719789} = {A50F4647-DD9C-4859-B1CF-939DEE976735}
		{0580C1FD-9FD9-4D55-A5FD-FC73377599FE} = {3D6E2B06-68B5-475C-8FDF-A9EF76556924}
		{AFBFBCBB-6A91-483C-B953-A1E304DBAE60} = {FC812D2B-E7FD-4B4E-8BE4-7ED3797C21BD}
	EndGlobalSection
	GlobalSection(ExtensibilityGlobals) = postSolution
		SolutionGuid = {EA0276AB-531E-4200-BF47-6980DD7C4F30}
	EndGlobalSection
EndGlobal
