
Microsoft Visual Studio Solution File, Format Version 12.00
# Visual Studio 15
VisualStudioVersion = 15.0.26730.16
MinimumVisualStudioVersion = 10.0.40219.1
Project("{9A19103F-16F7-4668-BE54-9A1E7A4F7556}") = "FIAP14NET.Receita.Core", "src\FIAP14NET.Receita.Core\FIAP14NET.Receita.Core.csproj", "{C7C63C4C-3880-48D2-B563-121551CC4A8E}"
EndProject
Project("{2150E333-8FDC-42A3-9474-1A3956D46DE8}") = "0 - Apresentação", "0 - Apresentação", "{A50F4647-DD9C-4859-B1CF-939DEE976735}"
EndProject
Project("{2150E333-8FDC-42A3-9474-1A3956D46DE8}") = "1 - Serviço", "1 - Serviço", "{FC812D2B-E7FD-4B4E-8BE4-7ED3797C21BD}"
EndProject
Project("{2150E333-8FDC-42A3-9474-1A3956D46DE8}") = "2 - Estrutura", "2 - Estrutura", "{726BECA2-AD58-420C-9A87-BBF66F50BF88}"
EndProject
Project("{9A19103F-16F7-4668-BE54-9A1E7A4F7556}") = "FIAP14NET.Receita.Site", "src\FIAP14NET.Receita.Site\FIAP14NET.Receita.Site.csproj", "{EDD1CEEC-1E95-48F9-BA27-CBC07F108E40}"
EndProject
Project("{9A19103F-16F7-4668-BE54-9A1E7A4F7556}") = "FIAP14NET.Receita.Api", "src\FIAP14NET.Receita.Api\FIAP14NET.Receita.Api.csproj", "{86C0A193-49F0-4D85-AEF5-C901C119FB61}"
EndProject
Project("{FAE04EC0-301F-11D3-BF4B-00C04F79EFBC}") = "FIAP14NET.Receita.AzureFuncions", "FIAP14NET.Receita.AzureFuncions\FIAP14NET.Receita.AzureFuncions.csproj", "{7B08E910-F018-4068-9945-43284C980CD7}"
EndProject
Global
	GlobalSection(SolutionConfigurationPlatforms) = preSolution
		Debug|Any CPU = Debug|Any CPU
		Release|Any CPU = Release|Any CPU
	EndGlobalSection
	GlobalSection(ProjectConfigurationPlatforms) = postSolution
		{C7C63C4C-3880-48D2-B563-121551CC4A8E}.Debug|Any CPU.ActiveCfg = Debug|Any CPU
		{C7C63C4C-3880-48D2-B563-121551CC4A8E}.Debug|Any CPU.Build.0 = Debug|Any CPU
		{C7C63C4C-3880-48D2-B563-121551CC4A8E}.Release|Any CPU.ActiveCfg = Release|Any CPU
		{C7C63C4C-3880-48D2-B563-121551CC4A8E}.Release|Any CPU.Build.0 = Release|Any CPU
		{EDD1CEEC-1E95-48F9-BA27-CBC07F108E40}.Debug|Any CPU.ActiveCfg = Debug|Any CPU
		{EDD1CEEC-1E95-48F9-BA27-CBC07F108E40}.Debug|Any CPU.Build.0 = Debug|Any CPU
		{EDD1CEEC-1E95-48F9-BA27-CBC07F108E40}.Release|Any CPU.ActiveCfg = Release|Any CPU
		{EDD1CEEC-1E95-48F9-BA27-CBC07F108E40}.Release|Any CPU.Build.0 = Release|Any CPU
		{86C0A193-49F0-4D85-AEF5-C901C119FB61}.Debug|Any CPU.ActiveCfg = Debug|Any CPU
		{86C0A193-49F0-4D85-AEF5-C901C119FB61}.Debug|Any CPU.Build.0 = Debug|Any CPU
		{86C0A193-49F0-4D85-AEF5-C901C119FB61}.Release|Any CPU.ActiveCfg = Release|Any CPU
		{86C0A193-49F0-4D85-AEF5-C901C119FB61}.Release|Any CPU.Build.0 = Release|Any CPU
		{7B08E910-F018-4068-9945-43284C980CD7}.Debug|Any CPU.ActiveCfg = Debug|Any CPU
		{7B08E910-F018-4068-9945-43284C980CD7}.Debug|Any CPU.Build.0 = Debug|Any CPU
		{7B08E910-F018-4068-9945-43284C980CD7}.Release|Any CPU.ActiveCfg = Release|Any CPU
		{7B08E910-F018-4068-9945-43284C980CD7}.Release|Any CPU.Build.0 = Release|Any CPU
	EndGlobalSection
	GlobalSection(SolutionProperties) = preSolution
		HideSolutionNode = FALSE
	EndGlobalSection
	GlobalSection(NestedProjects) = preSolution
		{C7C63C4C-3880-48D2-B563-121551CC4A8E} = {726BECA2-AD58-420C-9A87-BBF66F50BF88}
		{EDD1CEEC-1E95-48F9-BA27-CBC07F108E40} = {A50F4647-DD9C-4859-B1CF-939DEE976735}
		{86C0A193-49F0-4D85-AEF5-C901C119FB61} = {FC812D2B-E7FD-4B4E-8BE4-7ED3797C21BD}
		{7B08E910-F018-4068-9945-43284C980CD7} = {FC812D2B-E7FD-4B4E-8BE4-7ED3797C21BD}
	EndGlobalSection
	GlobalSection(ExtensibilityGlobals) = postSolution
		SolutionGuid = {EA0276AB-531E-4200-BF47-6980DD7C4F30}
	EndGlobalSection
EndGlobal
